
Microsoft Visual Studio Solution File, Format Version 12.00
# Visual Studio Version 17
VisualStudioVersion = 17.12.35514.174 d17.12
MinimumVisualStudioVersion = 10.0.40219.1
Project("{FAE04EC0-301F-11D3-BF4B-00C04F79EFBC}") = "Module 10 Final Project", "Module 10 Final Project\Module 10 Final Project.csproj", "{77B988E6-7762-4CAA-88B6-E705D7B03008}"
EndProject
Global
	GlobalSection(SolutionConfigurationPlatforms) = preSolution
		Debug|Any CPU = Debug|Any CPU
		Release|Any CPU = Release|Any CPU
	EndGlobalSection
	GlobalSection(ProjectConfigurationPlatforms) = postSolution
		{77B988E6-7762-4CAA-88B6-E705D7B03008}.Debug|Any CPU.ActiveCfg = Debug|Any CPU
		{77B988E6-7762-4CAA-88B6-E705D7B03008}.Debug|Any CPU.Build.0 = Debug|Any CPU
		{77B988E6-7762-4CAA-88B6-E705D7B03008}.Release|Any CPU.ActiveCfg = Release|Any CPU
		{77B988E6-7762-4CAA-88B6-E705D7B03008}.Release|Any CPU.Build.0 = Release|Any CPU
	EndGlobalSection
	GlobalSection(SolutionProperties) = preSolution
		HideSolutionNode = FALSE
	EndGlobalSection
EndGlobal
